
Microsoft Visual Studio Solution File, Format Version 12.00
# Visual Studio Version 16
VisualStudioVersion = 16.0.31005.135
MinimumVisualStudioVersion = 10.0.40219.1
Project("{FAE04EC0-301F-11D3-BF4B-00C04F79EFBC}") = "Assignment1", "Assignment1\Assignment1.csproj", "{66481982-5A64-43EB-8D1B-7B90CE3172A8}"
EndProject
Project("{FAE04EC0-301F-11D3-BF4B-00C04F79EFBC}") = "Assignment1Test", "Assignment1Test\Assignment1Test.csproj", "{EC25E002-9D88-4E89-BF71-5D643FE96DA8}"
EndProject
Global
	GlobalSection(SolutionConfigurationPlatforms) = preSolution
		Debug|Any CPU = Debug|Any CPU
		Release|Any CPU = Release|Any CPU
	EndGlobalSection
	GlobalSection(ProjectConfigurationPlatforms) = postSolution
		{66481982-5A64-43EB-8D1B-7B90CE3172A8}.Debug|Any CPU.ActiveCfg = Debug|Any CPU
		{66481982-5A64-43EB-8D1B-7B90CE3172A8}.Debug|Any CPU.Build.0 = Debug|Any CPU
		{66481982-5A64-43EB-8D1B-7B90CE3172A8}.Release|Any CPU.ActiveCfg = Release|Any CPU
		{66481982-5A64-43EB-8D1B-7B90CE3172A8}.Release|Any CPU.Build.0 = Release|Any CPU
		{EC25E002-9D88-4E89-BF71-5D643FE96DA8}.Debug|Any CPU.ActiveCfg = Debug|Any CPU
		{EC25E002-9D88-4E89-BF71-5D643FE96DA8}.Debug|Any CPU.Build.0 = Debug|Any CPU
		{EC25E002-9D88-4E89-BF71-5D643FE96DA8}.Release|Any CPU.ActiveCfg = Release|Any CPU
		{EC25E002-9D88-4E89-BF71-5D643FE96DA8}.Release|Any CPU.Build.0 = Release|Any CPU
	EndGlobalSection
	GlobalSection(SolutionProperties) = preSolution
		HideSolutionNode = FALSE
	EndGlobalSection
	GlobalSection(ExtensibilityGlobals) = postSolution
		SolutionGuid = {9DA3020F-4CF7-4EF1-8171-C7E45AC0BAF2}
	EndGlobalSection
EndGlobal
